// !$*UTF8*$!
{
	archiveVersion = 1;
	classes = {
	};
	objectVersion = 56;
	objects = {

/* Begin PBXBuildFile section */
		E330081F294A1DC000F36BCF /* StockViewModel.swift in Sources */ = {isa = PBXBuildFile; fileRef = E330081E294A1DC000F36BCF /* StockViewModel.swift */; };
		E38986AA294A0F47002E606B /* StockAddView.swift in Sources */ = {isa = PBXBuildFile; fileRef = E38986A9294A0F47002E606B /* StockAddView.swift */; };
		E394802A294B4CDE00F910F0 /* SettingsView.swift in Sources */ = {isa = PBXBuildFile; fileRef = E3948029294B4CDE00F910F0 /* SettingsView.swift */; };
		E3B13ED8294C5F4400BB23E8 /* SettingsModel.swift in Sources */ = {isa = PBXBuildFile; fileRef = E3B13ED7294C5F4400BB23E8 /* SettingsModel.swift */; };
		E3B13EDA294C5FD900BB23E8 /* SettingsViewModel.swift in Sources */ = {isa = PBXBuildFile; fileRef = E3B13ED9294C5FD900BB23E8 /* SettingsViewModel.swift */; };
		E3B723C12945F29D002A0616 /* Stock_LedgerApp.swift in Sources */ = {isa = PBXBuildFile; fileRef = E3B723C02945F29D002A0616 /* Stock_LedgerApp.swift */; };
		E3B723C32945F29D002A0616 /* StockList.swift in Sources */ = {isa = PBXBuildFile; fileRef = E3B723C22945F29D002A0616 /* StockList.swift */; };
		E3B723C52945F29E002A0616 /* Assets.xcassets in Resources */ = {isa = PBXBuildFile; fileRef = E3B723C42945F29E002A0616 /* Assets.xcassets */; };
		E3B723C82945F29E002A0616 /* Preview Assets.xcassets in Resources */ = {isa = PBXBuildFile; fileRef = E3B723C72945F29E002A0616 /* Preview Assets.xcassets */; };
		E3B723D22945F3FC002A0616 /* StockModel.swift in Sources */ = {isa = PBXBuildFile; fileRef = E3B723D12945F3FC002A0616 /* StockModel.swift */; };
		E3B723D62945FCC8002A0616 /* StockView.swift in Sources */ = {isa = PBXBuildFile; fileRef = E3B723D52945FCC8002A0616 /* StockView.swift */; };
		E3B723DA294640FE002A0616 /* StockEditView.swift in Sources */ = {isa = PBXBuildFile; fileRef = E3B723D9294640FE002A0616 /* StockEditView.swift */; };
		E3D80D15295045F100091552 /* Türkçe.strings in Resources */ = {isa = PBXBuildFile; fileRef = E3D80D14295045F100091552 /* Türkçe.strings */; };
		E3D80D172950467400091552 /* English.strings in Resources */ = {isa = PBXBuildFile; fileRef = E3D80D162950467400091552 /* English.strings */; };
		E3FDA309294C8EAD00132C86 /* settings.json in Resources */ = {isa = PBXBuildFile; fileRef = E3FDA308294C8EAD00132C86 /* settings.json */; };
		E3FDA30D294CA3D400132C86 /* stocks.json in Resources */ = {isa = PBXBuildFile; fileRef = E3FDA30C294CA3D400132C86 /* stocks.json */; };
/* End PBXBuildFile section */

/* Begin PBXFileReference section */
		E330081E294A1DC000F36BCF /* StockViewModel.swift */ = {isa = PBXFileReference; lastKnownFileType = sourcecode.swift; path = StockViewModel.swift; sourceTree = "<group>"; };
		E38986A9294A0F47002E606B /* StockAddView.swift */ = {isa = PBXFileReference; lastKnownFileType = sourcecode.swift; path = StockAddView.swift; sourceTree = "<group>"; };
		E3948029294B4CDE00F910F0 /* SettingsView.swift */ = {isa = PBXFileReference; lastKnownFileType = sourcecode.swift; path = SettingsView.swift; sourceTree = "<group>"; };
		E3B13ED7294C5F4400BB23E8 /* SettingsModel.swift */ = {isa = PBXFileReference; lastKnownFileType = sourcecode.swift; path = SettingsModel.swift; sourceTree = "<group>"; };
		E3B13ED9294C5FD900BB23E8 /* SettingsViewModel.swift */ = {isa = PBXFileReference; lastKnownFileType = sourcecode.swift; path = SettingsViewModel.swift; sourceTree = "<group>"; };
		E3B723BD2945F29D002A0616 /* Stock Ledger.app */ = {isa = PBXFileReference; explicitFileType = wrapper.application; includeInIndex = 0; path = "Stock Ledger.app"; sourceTree = BUILT_PRODUCTS_DIR; };
		E3B723C02945F29D002A0616 /* Stock_LedgerApp.swift */ = {isa = PBXFileReference; lastKnownFileType = sourcecode.swift; path = Stock_LedgerApp.swift; sourceTree = "<group>"; };
		E3B723C22945F29D002A0616 /* StockList.swift */ = {isa = PBXFileReference; lastKnownFileType = sourcecode.swift; path = StockList.swift; sourceTree = "<group>"; };
		E3B723C42945F29E002A0616 /* Assets.xcassets */ = {isa = PBXFileReference; lastKnownFileType = folder.assetcatalog; path = Assets.xcassets; sourceTree = "<group>"; };
		E3B723C72945F29E002A0616 /* Preview Assets.xcassets */ = {isa = PBXFileReference; lastKnownFileType = folder.assetcatalog; path = "Preview Assets.xcassets"; sourceTree = "<group>"; };
		E3B723D12945F3FC002A0616 /* StockModel.swift */ = {isa = PBXFileReference; lastKnownFileType = sourcecode.swift; path = StockModel.swift; sourceTree = "<group>"; };
		E3B723D52945FCC8002A0616 /* StockView.swift */ = {isa = PBXFileReference; lastKnownFileType = sourcecode.swift; path = StockView.swift; sourceTree = "<group>"; };
		E3B723D9294640FE002A0616 /* StockEditView.swift */ = {isa = PBXFileReference; lastKnownFileType = sourcecode.swift; path = StockEditView.swift; sourceTree = "<group>"; };
		E3D80D14295045F100091552 /* Türkçe.strings */ = {isa = PBXFileReference; lastKnownFileType = text.plist.strings; path = "Türkçe.strings"; sourceTree = "<group>"; };
		E3D80D162950467400091552 /* English.strings */ = {isa = PBXFileReference; lastKnownFileType = text.plist.strings; path = English.strings; sourceTree = "<group>"; };
		E3FDA308294C8EAD00132C86 /* settings.json */ = {isa = PBXFileReference; fileEncoding = 4; lastKnownFileType = text.json; path = settings.json; sourceTree = "<group>"; };
		E3FDA30C294CA3D400132C86 /* stocks.json */ = {isa = PBXFileReference; fileEncoding = 4; lastKnownFileType = text.json; path = stocks.json; sourceTree = "<group>"; };
/* End PBXFileReference section */

/* Begin PBXFrameworksBuildPhase section */
		E3B723BA2945F29D002A0616 /* Frameworks */ = {
			isa = PBXFrameworksBuildPhase;
			buildActionMask = 2147483647;
			files = (
			);
			runOnlyForDeploymentPostprocessing = 0;
		};
/* End PBXFrameworksBuildPhase section */

/* Begin PBXGroup section */
		E3300820294A1DD500F36BCF /* ViewModal */ = {
			isa = PBXGroup;
			children = (
				E330081E294A1DC000F36BCF /* StockViewModel.swift */,
				E3B13ED9294C5FD900BB23E8 /* SettingsViewModel.swift */,
			);
			path = ViewModal;
			sourceTree = "<group>";
		};
		E3B723B42945F29D002A0616 = {
			isa = PBXGroup;
			children = (
				E3B723BF2945F29D002A0616 /* Stock Ledger */,
				E3B723BE2945F29D002A0616 /* Products */,
			);
			sourceTree = "<group>";
		};
		E3B723BE2945F29D002A0616 /* Products */ = {
			isa = PBXGroup;
			children = (
				E3B723BD2945F29D002A0616 /* Stock Ledger.app */,
			);
			name = Products;
			sourceTree = "<group>";
		};
		E3B723BF2945F29D002A0616 /* Stock Ledger */ = {
			isa = PBXGroup;
			children = (
				E3B723CE2945F369002A0616 /* Model */,
				E3300820294A1DD500F36BCF /* ViewModal */,
				E3B723CF2945F371002A0616 /* View */,
				E3B723C02945F29D002A0616 /* Stock_LedgerApp.swift */,
				E3B723C22945F29D002A0616 /* StockList.swift */,
				E3FDA30A294C8EFE00132C86 /* Resources */,
				E3D80D13295045D500091552 /* Languages */,
				E3B723C42945F29E002A0616 /* Assets.xcassets */,
				E3B723C62945F29E002A0616 /* Preview Content */,
			);
			path = "Stock Ledger";
			sourceTree = "<group>";
		};
		E3B723C62945F29E002A0616 /* Preview Content */ = {
			isa = PBXGroup;
			children = (
				E3B723C72945F29E002A0616 /* Preview Assets.xcassets */,
			);
			path = "Preview Content";
			sourceTree = "<group>";
		};
		E3B723CE2945F369002A0616 /* Model */ = {
			isa = PBXGroup;
			children = (
				E3B723D12945F3FC002A0616 /* StockModel.swift */,
				E3B13ED7294C5F4400BB23E8 /* SettingsModel.swift */,
			);
			path = Model;
			sourceTree = "<group>";
		};
		E3B723CF2945F371002A0616 /* View */ = {
			isa = PBXGroup;
			children = (
				E3B723D52945FCC8002A0616 /* StockView.swift */,
				E3B723D9294640FE002A0616 /* StockEditView.swift */,
				E38986A9294A0F47002E606B /* StockAddView.swift */,
				E3948029294B4CDE00F910F0 /* SettingsView.swift */,
			);
			path = View;
			sourceTree = "<group>";
		};
		E3D80D13295045D500091552 /* Languages */ = {
			isa = PBXGroup;
			children = (
				E3D80D14295045F100091552 /* Türkçe.strings */,
				E3D80D162950467400091552 /* English.strings */,
			);
			path = Languages;
			sourceTree = "<group>";
		};
		E3FDA30A294C8EFE00132C86 /* Resources */ = {
			isa = PBXGroup;
			children = (
				E3FDA30C294CA3D400132C86 /* stocks.json */,
				E3FDA308294C8EAD00132C86 /* settings.json */,
			);
			path = Resources;
			sourceTree = "<group>";
		};
/* End PBXGroup section */

/* Begin PBXNativeTarget section */
		E3B723BC2945F29D002A0616 /* Stock Ledger */ = {
			isa = PBXNativeTarget;
			buildConfigurationList = E3B723CB2945F29E002A0616 /* Build configuration list for PBXNativeTarget "Stock Ledger" */;
			buildPhases = (
				E3B723B92945F29D002A0616 /* Sources */,
				E3B723BA2945F29D002A0616 /* Frameworks */,
				E3B723BB2945F29D002A0616 /* Resources */,
			);
			buildRules = (
			);
			dependencies = (
			);
			name = "Stock Ledger";
			productName = "Stock Ledger";
			productReference = E3B723BD2945F29D002A0616 /* Stock Ledger.app */;
			productType = "com.apple.product-type.application";
		};
/* End PBXNativeTarget section */

/* Begin PBXProject section */
		E3B723B52945F29D002A0616 /* Project object */ = {
			isa = PBXProject;
			attributes = {
				BuildIndependentTargetsInParallel = 1;
				LastSwiftUpdateCheck = 1410;
				LastUpgradeCheck = 1410;
				TargetAttributes = {
					E3B723BC2945F29D002A0616 = {
						CreatedOnToolsVersion = 14.1;
					};
				};
			};
			buildConfigurationList = E3B723B82945F29D002A0616 /* Build configuration list for PBXProject "Stock Ledger" */;
			compatibilityVersion = "Xcode 14.0";
			developmentRegion = en;
			hasScannedForEncodings = 0;
			knownRegions = (
				en,
				Base,
				tr,
			);
			mainGroup = E3B723B42945F29D002A0616;
			productRefGroup = E3B723BE2945F29D002A0616 /* Products */;
			projectDirPath = "";
			projectRoot = "";
			targets = (
				E3B723BC2945F29D002A0616 /* Stock Ledger */,
			);
		};
/* End PBXProject section */

/* Begin PBXResourcesBuildPhase section */
		E3B723BB2945F29D002A0616 /* Resources */ = {
			isa = PBXResourcesBuildPhase;
			buildActionMask = 2147483647;
			files = (
				E3D80D15295045F100091552 /* Türkçe.strings in Resources */,
				E3FDA309294C8EAD00132C86 /* settings.json in Resources */,
				E3B723C82945F29E002A0616 /* Preview Assets.xcassets in Resources */,
				E3D80D172950467400091552 /* English.strings in Resources */,
				E3FDA30D294CA3D400132C86 /* stocks.json in Resources */,
				E3B723C52945F29E002A0616 /* Assets.xcassets in Resources */,
			);
			runOnlyForDeploymentPostprocessing = 0;
		};
/* End PBXResourcesBuildPhase section */

/* Begin PBXSourcesBuildPhase section */
		E3B723B92945F29D002A0616 /* Sources */ = {
			isa = PBXSourcesBuildPhase;
			buildActionMask = 2147483647;
			files = (
				E3B723C32945F29D002A0616 /* StockList.swift in Sources */,
				E394802A294B4CDE00F910F0 /* SettingsView.swift in Sources */,
				E330081F294A1DC000F36BCF /* StockViewModel.swift in Sources */,
				E38986AA294A0F47002E606B /* StockAddView.swift in Sources */,
				E3B723DA294640FE002A0616 /* StockEditView.swift in Sources */,
				E3B13EDA294C5FD900BB23E8 /* SettingsViewModel.swift in Sources */,
				E3B723D62945FCC8002A0616 /* StockView.swift in Sources */,
				E3B723C12945F29D002A0616 /* Stock_LedgerApp.swift in Sources */,
				E3B723D22945F3FC002A0616 /* StockModel.swift in Sources */,
				E3B13ED8294C5F4400BB23E8 /* SettingsModel.swift in Sources */,
			);
			runOnlyForDeploymentPostprocessing = 0;
		};
/* End PBXSourcesBuildPhase section */

/* Begin XCBuildConfiguration section */
		E3B723C92945F29E002A0616 /* Debug */ = {
			isa = XCBuildConfiguration;
			buildSettings = {
				ALWAYS_SEARCH_USER_PATHS = NO;
				CLANG_ANALYZER_NONNULL = YES;
				CLANG_ANALYZER_NUMBER_OBJECT_CONVERSION = YES_AGGRESSIVE;
				CLANG_CXX_LANGUAGE_STANDARD = "gnu++20";
				CLANG_ENABLE_MODULES = YES;
				CLANG_ENABLE_OBJC_ARC = YES;
				CLANG_ENABLE_OBJC_WEAK = YES;
				CLANG_WARN_BLOCK_CAPTURE_AUTORELEASING = YES;
				CLANG_WARN_BOOL_CONVERSION = YES;
				CLANG_WARN_COMMA = YES;
				CLANG_WARN_CONSTANT_CONVERSION = YES;
				CLANG_WARN_DEPRECATED_OBJC_IMPLEMENTATIONS = YES;
				CLANG_WARN_DIRECT_OBJC_ISA_USAGE = YES_ERROR;
				CLANG_WARN_DOCUMENTATION_COMMENTS = YES;
				CLANG_WARN_EMPTY_BODY = YES;
				CLANG_WARN_ENUM_CONVERSION = YES;
				CLANG_WARN_INFINITE_RECURSION = YES;
				CLANG_WARN_INT_CONVERSION = YES;
				CLANG_WARN_NON_LITERAL_NULL_CONVERSION = YES;
				CLANG_WARN_OBJC_IMPLICIT_RETAIN_SELF = YES;
				CLANG_WARN_OBJC_LITERAL_CONVERSION = YES;
				CLANG_WARN_OBJC_ROOT_CLASS = YES_ERROR;
				CLANG_WARN_QUOTED_INCLUDE_IN_FRAMEWORK_HEADER = YES;
				CLANG_WARN_RANGE_LOOP_ANALYSIS = YES;
				CLANG_WARN_STRICT_PROTOTYPES = YES;
				CLANG_WARN_SUSPICIOUS_MOVE = YES;
				CLANG_WARN_UNGUARDED_AVAILABILITY = YES_AGGRESSIVE;
				CLANG_WARN_UNREACHABLE_CODE = YES;
				CLANG_WARN__DUPLICATE_METHOD_MATCH = YES;
				COPY_PHASE_STRIP = NO;
				DEBUG_INFORMATION_FORMAT = dwarf;
				ENABLE_STRICT_OBJC_MSGSEND = YES;
				ENABLE_TESTABILITY = YES;
				GCC_C_LANGUAGE_STANDARD = gnu11;
				GCC_DYNAMIC_NO_PIC = NO;
				GCC_NO_COMMON_BLOCKS = YES;
				GCC_OPTIMIZATION_LEVEL = 0;
				GCC_PREPROCESSOR_DEFINITIONS = (
					"DEBUG=1",
					"$(inherited)",
				);
				GCC_WARN_64_TO_32_BIT_CONVERSION = YES;
				GCC_WARN_ABOUT_RETURN_TYPE = YES_ERROR;
				GCC_WARN_UNDECLARED_SELECTOR = YES;
				GCC_WARN_UNINITIALIZED_AUTOS = YES_AGGRESSIVE;
				GCC_WARN_UNUSED_FUNCTION = YES;
				GCC_WARN_UNUSED_VARIABLE = YES;
				IPHONEOS_DEPLOYMENT_TARGET = 16.1;
				MTL_ENABLE_DEBUG_INFO = INCLUDE_SOURCE;
				MTL_FAST_MATH = YES;
				ONLY_ACTIVE_ARCH = YES;
				SDKROOT = iphoneos;
				SWIFT_ACTIVE_COMPILATION_CONDITIONS = DEBUG;
				SWIFT_OPTIMIZATION_LEVEL = "-Onone";
			};
			name = Debug;
		};
		E3B723CA2945F29E002A0616 /* Release */ = {
			isa = XCBuildConfiguration;
			buildSettings = {
				ALWAYS_SEARCH_USER_PATHS = NO;
				CLANG_ANALYZER_NONNULL = YES;
				CLANG_ANALYZER_NUMBER_OBJECT_CONVERSION = YES_AGGRESSIVE;
				CLANG_CXX_LANGUAGE_STANDARD = "gnu++20";
				CLANG_ENABLE_MODULES = YES;
				CLANG_ENABLE_OBJC_ARC = YES;
				CLANG_ENABLE_OBJC_WEAK = YES;
				CLANG_WARN_BLOCK_CAPTURE_AUTORELEASING = YES;
				CLANG_WARN_BOOL_CONVERSION = YES;
				CLANG_WARN_COMMA = YES;
				CLANG_WARN_CONSTANT_CONVERSION = YES;
				CLANG_WARN_DEPRECATED_OBJC_IMPLEMENTATIONS = YES;
				CLANG_WARN_DIRECT_OBJC_ISA_USAGE = YES_ERROR;
				CLANG_WARN_DOCUMENTATION_COMMENTS = YES;
				CLANG_WARN_EMPTY_BODY = YES;
				CLANG_WARN_ENUM_CONVERSION = YES;
				CLANG_WARN_INFINITE_RECURSION = YES;
				CLANG_WARN_INT_CONVERSION = YES;
				CLANG_WARN_NON_LITERAL_NULL_CONVERSION = YES;
				CLANG_WARN_OBJC_IMPLICIT_RETAIN_SELF = YES;
				CLANG_WARN_OBJC_LITERAL_CONVERSION = YES;
				CLANG_WARN_OBJC_ROOT_CLASS = YES_ERROR;
				CLANG_WARN_QUOTED_INCLUDE_IN_FRAMEWORK_HEADER = YES;
				CLANG_WARN_RANGE_LOOP_ANALYSIS = YES;
				CLANG_WARN_STRICT_PROTOTYPES = YES;
				CLANG_WARN_SUSPICIOUS_MOVE = YES;
				CLANG_WARN_UNGUARDED_AVAILABILITY = YES_AGGRESSIVE;
				CLANG_WARN_UNREACHABLE_CODE = YES;
				CLANG_WARN__DUPLICATE_METHOD_MATCH = YES;
				COPY_PHASE_STRIP = NO;
				DEBUG_INFORMATION_FORMAT = "dwarf-with-dsym";
				ENABLE_NS_ASSERTIONS = NO;
				ENABLE_STRICT_OBJC_MSGSEND = YES;
				GCC_C_LANGUAGE_STANDARD = gnu11;
				GCC_NO_COMMON_BLOCKS = YES;
				GCC_WARN_64_TO_32_BIT_CONVERSION = YES;
				GCC_WARN_ABOUT_RETURN_TYPE = YES_ERROR;
				GCC_WARN_UNDECLARED_SELECTOR = YES;
				GCC_WARN_UNINITIALIZED_AUTOS = YES_AGGRESSIVE;
				GCC_WARN_UNUSED_FUNCTION = YES;
				GCC_WARN_UNUSED_VARIABLE = YES;
				IPHONEOS_DEPLOYMENT_TARGET = 16.1;
				MTL_ENABLE_DEBUG_INFO = NO;
				MTL_FAST_MATH = YES;
				SDKROOT = iphoneos;
				SWIFT_COMPILATION_MODE = wholemodule;
				SWIFT_OPTIMIZATION_LEVEL = "-O";
				VALIDATE_PRODUCT = YES;
			};
			name = Release;
		};
		E3B723CC2945F29E002A0616 /* Debug */ = {
			isa = XCBuildConfiguration;
			buildSettings = {
				ASSETCATALOG_COMPILER_APPICON_NAME = AppIcon;
				ASSETCATALOG_COMPILER_GLOBAL_ACCENT_COLOR_NAME = AccentColor;
				CODE_SIGN_STYLE = Automatic;
				CURRENT_PROJECT_VERSION = 1;
				DEVELOPMENT_ASSET_PATHS = "\"Stock Ledger/Preview Content\"";
				ENABLE_PREVIEWS = YES;
				GENERATE_INFOPLIST_FILE = YES;
				INFOPLIST_KEY_LSApplicationCategoryType = "public.app-category.finance";
				INFOPLIST_KEY_UIApplicationSceneManifest_Generation = YES;
				INFOPLIST_KEY_UIApplicationSupportsIndirectInputEvents = YES;
				INFOPLIST_KEY_UILaunchScreen_Generation = YES;
				INFOPLIST_KEY_UISupportedInterfaceOrientations_iPad = "UIInterfaceOrientationPortrait UIInterfaceOrientationPortraitUpsideDown UIInterfaceOrientationLandscapeLeft UIInterfaceOrientationLandscapeRight";
				INFOPLIST_KEY_UISupportedInterfaceOrientations_iPhone = "UIInterfaceOrientationPortrait UIInterfaceOrientationLandscapeLeft UIInterfaceOrientationLandscapeRight";
				IPHONEOS_DEPLOYMENT_TARGET = 16.0;
				LD_RUNPATH_SEARCH_PATHS = (
					"$(inherited)",
					"@executable_path/Frameworks",
				);
				MARKETING_VERSION = 1.0;
				PRODUCT_BUNDLE_IDENTIFIER = "com.nkdesignstudio.Stock-Ledger";
				PRODUCT_NAME = "$(TARGET_NAME)";
				SUPPORTED_PLATFORMS = "iphoneos iphonesimulator";
				SUPPORTS_MACCATALYST = NO;
				SUPPORTS_MAC_DESIGNED_FOR_IPHONE_IPAD = NO;
				SWIFT_EMIT_LOC_STRINGS = YES;
				SWIFT_VERSION = 5.0;
				TARGETED_DEVICE_FAMILY = 1;
			};
			name = Debug;
		};
		E3B723CD2945F29E002A0616 /* Release */ = {
			isa = XCBuildConfiguration;
			buildSettings = {
				ASSETCATALOG_COMPILER_APPICON_NAME = AppIcon;
				ASSETCATALOG_COMPILER_GLOBAL_ACCENT_COLOR_NAME = AccentColor;
				CODE_SIGN_STYLE = Automatic;
				CURRENT_PROJECT_VERSION = 1;
				DEVELOPMENT_ASSET_PATHS = "\"Stock Ledger/Preview Content\"";
				ENABLE_PREVIEWS = YES;
				GENERATE_INFOPLIST_FILE = YES;
				INFOPLIST_KEY_LSApplicationCategoryType = "public.app-category.finance";
				INFOPLIST_KEY_UIApplicationSceneManifest_Generation = YES;
				INFOPLIST_KEY_UIApplicationSupportsIndirectInputEvents = YES;
				INFOPLIST_KEY_UILaunchScreen_Generation = YES;
				INFOPLIST_KEY_UISupportedInterfaceOrientations_iPad = "UIInterfaceOrientationPortrait UIInterfaceOrientationPortraitUpsideDown UIInterfaceOrientationLandscapeLeft UIInterfaceOrientationLandscapeRight";
				INFOPLIST_KEY_UISupportedInterfaceOrientations_iPhone = "UIInterfaceOrientationPortrait UIInterfaceOrientationLandscapeLeft UIInterfaceOrientationLandscapeRight";
				IPHONEOS_DEPLOYMENT_TARGET = 16.0;
				LD_RUNPATH_SEARCH_PATHS = (
					"$(inherited)",
					"@executable_path/Frameworks",
				);
				MARKETING_VERSION = 1.0;
				PRODUCT_BUNDLE_IDENTIFIER = "com.nkdesignstudio.Stock-Ledger";
				PRODUCT_NAME = "$(TARGET_NAME)";
				SUPPORTED_PLATFORMS = "iphoneos iphonesimulator";
				SUPPORTS_MACCATALYST = NO;
				SUPPORTS_MAC_DESIGNED_FOR_IPHONE_IPAD = NO;
				SWIFT_EMIT_LOC_STRINGS = YES;
				SWIFT_VERSION = 5.0;
				TARGETED_DEVICE_FAMILY = 1;
			};
			name = Release;
		};
/* End XCBuildConfiguration section */

/* Begin XCConfigurationList section */
		E3B723B82945F29D002A0616 /* Build configuration list for PBXProject "Stock Ledger" */ = {
			isa = XCConfigurationList;
			buildConfigurations = (
				E3B723C92945F29E002A0616 /* Debug */,
				E3B723CA2945F29E002A0616 /* Release */,
			);
			defaultConfigurationIsVisible = 0;
			defaultConfigurationName = Release;
		};
		E3B723CB2945F29E002A0616 /* Build configuration list for PBXNativeTarget "Stock Ledger" */ = {
			isa = XCConfigurationList;
			buildConfigurations = (
				E3B723CC2945F29E002A0616 /* Debug */,
				E3B723CD2945F29E002A0616 /* Release */,
			);
			defaultConfigurationIsVisible = 0;
			defaultConfigurationName = Release;
		};
/* End XCConfigurationList section */
	};
	rootObject = E3B723B52945F29D002A0616 /* Project object */;
}
